
Microsoft Visual Studio Solution File, Format Version 12.00
# Visual Studio 14
VisualStudioVersion = 14.0.25420.1
MinimumVisualStudioVersion = 10.0.40219.1
Project("{FAE04EC0-301F-11D3-BF4B-00C04F79EFBC}") = "App2.Droid", "App2\App2.Droid\App2.Droid.csproj", "{5CD631C3-4458-4C3B-9E9D-B667F3397517}"
EndProject
Project("{FAE04EC0-301F-11D3-BF4B-00C04F79EFBC}") = "App2.iOS", "App2\App2.iOS\App2.iOS.csproj", "{D0B1773A-A873-4D10-B085-BB559653BE00}"
EndProject
Project("{FAE04EC0-301F-11D3-BF4B-00C04F79EFBC}") = "App2.WinPhone", "App2\App2.WinPhone\App2.WinPhone.csproj", "{2FFDAD03-D1D3-4FE2-9C78-8ADDE2220A13}"
EndProject
Project("{FAE04EC0-301F-11D3-BF4B-00C04F79EFBC}") = "App2.UWP", "App2\App2.UWP\App2.UWP.csproj", "{C0F7C38B-94C0-4EE9-B54A-AA4D23B7E448}"
EndProject
Project("{FAE04EC0-301F-11D3-BF4B-00C04F79EFBC}") = "App2.Windows", "App2\App2.Windows\App2.Windows.csproj", "{5DD57349-8D0D-4805-86C1-C2FA1650573C}"
EndProject
Project("{FAE04EC0-301F-11D3-BF4B-00C04F79EFBC}") = "App2", "App2\App2\App2.csproj", "{9282EC7B-0910-4E86-BD22-2EFEB492B60F}"
EndProject
Global
	GlobalSection(SolutionConfigurationPlatforms) = preSolution
		Ad-Hoc|Any CPU = Ad-Hoc|Any CPU
		Ad-Hoc|ARM = Ad-Hoc|ARM
		Ad-Hoc|iPhone = Ad-Hoc|iPhone
		Ad-Hoc|iPhoneSimulator = Ad-Hoc|iPhoneSimulator
		Ad-Hoc|x64 = Ad-Hoc|x64
		Ad-Hoc|x86 = Ad-Hoc|x86
		AppStore|Any CPU = AppStore|Any CPU
		AppStore|ARM = AppStore|ARM
		AppStore|iPhone = AppStore|iPhone
		AppStore|iPhoneSimulator = AppStore|iPhoneSimulator
		AppStore|x64 = AppStore|x64
		AppStore|x86 = AppStore|x86
		Debug|Any CPU = Debug|Any CPU
		Debug|ARM = Debug|ARM
		Debug|iPhone = Debug|iPhone
		Debug|iPhoneSimulator = Debug|iPhoneSimulator
		Debug|x64 = Debug|x64
		Debug|x86 = Debug|x86
		Release|Any CPU = Release|Any CPU
		Release|ARM = Release|ARM
		Release|iPhone = Release|iPhone
		Release|iPhoneSimulator = Release|iPhoneSimulator
		Release|x64 = Release|x64
		Release|x86 = Release|x86
	EndGlobalSection
	GlobalSection(ProjectConfigurationPlatforms) = postSolution
		{5CD631C3-4458-4C3B-9E9D-B667F3397517}.Ad-Hoc|Any CPU.ActiveCfg = Release|Any CPU
		{5CD631C3-4458-4C3B-9E9D-B667F3397517}.Ad-Hoc|Any CPU.Build.0 = Release|Any CPU
		{5CD631C3-4458-4C3B-9E9D-B667F3397517}.Ad-Hoc|Any CPU.Deploy.0 = Release|Any CPU
		{5CD631C3-4458-4C3B-9E9D-B667F3397517}.Ad-Hoc|ARM.ActiveCfg = Release|Any CPU
		{5CD631C3-4458-4C3B-9E9D-B667F3397517}.Ad-Hoc|ARM.Build.0 = Release|Any CPU
		{5CD631C3-4458-4C3B-9E9D-B667F3397517}.Ad-Hoc|ARM.Deploy.0 = Release|Any CPU
		{5CD631C3-4458-4C3B-9E9D-B667F3397517}.Ad-Hoc|iPhone.ActiveCfg = Release|Any CPU
		{5CD631C3-4458-4C3B-9E9D-B667F3397517}.Ad-Hoc|iPhone.Build.0 = Release|Any CPU
		{5CD631C3-4458-4C3B-9E9D-B667F3397517}.Ad-Hoc|iPhone.Deploy.0 = Release|Any CPU
		{5CD631C3-4458-4C3B-9E9D-B667F3397517}.Ad-Hoc|iPhoneSimulator.ActiveCfg = Release|Any CPU
		{5CD631C3-4458-4C3B-9E9D-B667F3397517}.Ad-Hoc|iPhoneSimulator.Build.0 = Release|Any CPU
		{5CD631C3-4458-4C3B-9E9D-B667F3397517}.Ad-Hoc|iPhoneSimulator.Deploy.0 = Release|Any CPU
		{5CD631C3-4458-4C3B-9E9D-B667F3397517}.Ad-Hoc|x64.ActiveCfg = Release|Any CPU
		{5CD631C3-4458-4C3B-9E9D-B667F3397517}.Ad-Hoc|x64.Build.0 = Release|Any CPU
		{5CD631C3-4458-4C3B-9E9D-B667F3397517}.Ad-Hoc|x64.Deploy.0 = Release|Any CPU
		{5CD631C3-4458-4C3B-9E9D-B667F3397517}.Ad-Hoc|x86.ActiveCfg = Release|Any CPU
		{5CD631C3-4458-4C3B-9E9D-B667F3397517}.Ad-Hoc|x86.Build.0 = Release|Any CPU
		{5CD631C3-4458-4C3B-9E9D-B667F3397517}.Ad-Hoc|x86.Deploy.0 = Release|Any CPU
		{5CD631C3-4458-4C3B-9E9D-B667F3397517}.AppStore|Any CPU.ActiveCfg = Release|Any CPU
		{5CD631C3-4458-4C3B-9E9D-B667F3397517}.AppStore|Any CPU.Build.0 = Release|Any CPU
		{5CD631C3-4458-4C3B-9E9D-B667F3397517}.AppStore|Any CPU.Deploy.0 = Release|Any CPU
		{5CD631C3-4458-4C3B-9E9D-B667F3397517}.AppStore|ARM.ActiveCfg = Release|Any CPU
		{5CD631C3-4458-4C3B-9E9D-B667F3397517}.AppStore|ARM.Build.0 = Release|Any CPU
		{5CD631C3-4458-4C3B-9E9D-B667F3397517}.AppStore|ARM.Deploy.0 = Release|Any CPU
		{5CD631C3-4458-4C3B-9E9D-B667F3397517}.AppStore|iPhone.ActiveCfg = Release|Any CPU
		{5CD631C3-4458-4C3B-9E9D-B667F3397517}.AppStore|iPhone.Build.0 = Release|Any CPU
		{5CD631C3-4458-4C3B-9E9D-B667F3397517}.AppStore|iPhone.Deploy.0 = Release|Any CPU
		{5CD631C3-4458-4C3B-9E9D-B667F3397517}.AppStore|iPhoneSimulator.ActiveCfg = Release|Any CPU
		{5CD631C3-4458-4C3B-9E9D-B667F3397517}.AppStore|iPhoneSimulator.Build.0 = Release|Any CPU
		{5CD631C3-4458-4C3B-9E9D-B667F3397517}.AppStore|iPhoneSimulator.Deploy.0 = Release|Any CPU
		{5CD631C3-4458-4C3B-9E9D-B667F3397517}.AppStore|x64.ActiveCfg = Release|Any CPU
		{5CD631C3-4458-4C3B-9E9D-B667F3397517}.AppStore|x64.Build.0 = Release|Any CPU
		{5CD631C3-4458-4C3B-9E9D-B667F3397517}.AppStore|x64.Deploy.0 = Release|Any CPU
		{5CD631C3-4458-4C3B-9E9D-B667F3397517}.AppStore|x86.ActiveCfg = Release|Any CPU
		{5CD631C3-4458-4C3B-9E9D-B667F3397517}.AppStore|x86.Build.0 = Release|Any CPU
		{5CD631C3-4458-4C3B-9E9D-B667F3397517}.AppStore|x86.Deploy.0 = Release|Any CPU
		{5CD631C3-4458-4C3B-9E9D-B667F3397517}.Debug|Any CPU.ActiveCfg = Debug|Any CPU
		{5CD631C3-4458-4C3B-9E9D-B667F3397517}.Debug|Any CPU.Build.0 = Debug|Any CPU
		{5CD631C3-4458-4C3B-9E9D-B667F3397517}.Debug|Any CPU.Deploy.0 = Debug|Any CPU
		{5CD631C3-4458-4C3B-9E9D-B667F3397517}.Debug|ARM.ActiveCfg = Debug|Any CPU
		{5CD631C3-4458-4C3B-9E9D-B667F3397517}.Debug|ARM.Build.0 = Debug|Any CPU
		{5CD631C3-4458-4C3B-9E9D-B667F3397517}.Debug|ARM.Deploy.0 = Debug|Any CPU
		{5CD631C3-4458-4C3B-9E9D-B667F3397517}.Debug|iPhone.ActiveCfg = Debug|Any CPU
		{5CD631C3-4458-4C3B-9E9D-B667F3397517}.Debug|iPhone.Build.0 = Debug|Any CPU
		{5CD631C3-4458-4C3B-9E9D-B667F3397517}.Debug|iPhone.Deploy.0 = Debug|Any CPU
		{5CD631C3-4458-4C3B-9E9D-B667F3397517}.Debug|iPhoneSimulator.ActiveCfg = Debug|Any CPU
		{5CD631C3-4458-4C3B-9E9D-B667F3397517}.Debug|iPhoneSimulator.Build.0 = Debug|Any CPU
		{5CD631C3-4458-4C3B-9E9D-B667F3397517}.Debug|iPhoneSimulator.Deploy.0 = Debug|Any CPU
		{5CD631C3-4458-4C3B-9E9D-B667F3397517}.Debug|x64.ActiveCfg = Debug|Any CPU
		{5CD631C3-4458-4C3B-9E9D-B667F3397517}.Debug|x64.Build.0 = Debug|Any CPU
		{5CD631C3-4458-4C3B-9E9D-B667F3397517}.Debug|x64.Deploy.0 = Debug|Any CPU
		{5CD631C3-4458-4C3B-9E9D-B667F3397517}.Debug|x86.ActiveCfg = Debug|Any CPU
		{5CD631C3-4458-4C3B-9E9D-B667F3397517}.Debug|x86.Build.0 = Debug|Any CPU
		{5CD631C3-4458-4C3B-9E9D-B667F3397517}.Debug|x86.Deploy.0 = Debug|Any CPU
		{5CD631C3-4458-4C3B-9E9D-B667F3397517}.Release|Any CPU.ActiveCfg = Release|Any CPU
		{5CD631C3-4458-4C3B-9E9D-B667F3397517}.Release|Any CPU.Build.0 = Release|Any CPU
		{5CD631C3-4458-4C3B-9E9D-B667F3397517}.Release|Any CPU.Deploy.0 = Release|Any CPU
		{5CD631C3-4458-4C3B-9E9D-B667F3397517}.Release|ARM.ActiveCfg = Release|Any CPU
		{5CD631C3-4458-4C3B-9E9D-B667F3397517}.Release|ARM.Build.0 = Release|Any CPU
		{5CD631C3-4458-4C3B-9E9D-B667F3397517}.Release|ARM.Deploy.0 = Release|Any CPU
		{5CD631C3-4458-4C3B-9E9D-B667F3397517}.Release|iPhone.ActiveCfg = Release|Any CPU
		{5CD631C3-4458-4C3B-9E9D-B667F3397517}.Release|iPhone.Build.0 = Release|Any CPU
		{5CD631C3-4458-4C3B-9E9D-B667F3397517}.Release|iPhone.Deploy.0 = Release|Any CPU
		{5CD631C3-4458-4C3B-9E9D-B667F3397517}.Release|iPhoneSimulator.ActiveCfg = Release|Any CPU
		{5CD631C3-4458-4C3B-9E9D-B667F3397517}.Release|iPhoneSimulator.Build.0 = Release|Any CPU
		{5CD631C3-4458-4C3B-9E9D-B667F3397517}.Release|iPhoneSimulator.Deploy.0 = Release|Any CPU
		{5CD631C3-4458-4C3B-9E9D-B667F3397517}.Release|x64.ActiveCfg = Release|Any CPU
		{5CD631C3-4458-4C3B-9E9D-B667F3397517}.Release|x64.Build.0 = Release|Any CPU
		{5CD631C3-4458-4C3B-9E9D-B667F3397517}.Release|x64.Deploy.0 = Release|Any CPU
		{5CD631C3-4458-4C3B-9E9D-B667F3397517}.Release|x86.ActiveCfg = Release|Any CPU
		{5CD631C3-4458-4C3B-9E9D-B667F3397517}.Release|x86.Build.0 = Release|Any CPU
		{5CD631C3-4458-4C3B-9E9D-B667F3397517}.Release|x86.Deploy.0 = Release|Any CPU
		{D0B1773A-A873-4D10-B085-BB559653BE00}.Ad-Hoc|Any CPU.ActiveCfg = Ad-Hoc|iPhone
		{D0B1773A-A873-4D10-B085-BB559653BE00}.Ad-Hoc|ARM.ActiveCfg = Ad-Hoc|iPhone
		{D0B1773A-A873-4D10-B085-BB559653BE00}.Ad-Hoc|iPhone.ActiveCfg = Ad-Hoc|iPhone
		{D0B1773A-A873-4D10-B085-BB559653BE00}.Ad-Hoc|iPhone.Build.0 = Ad-Hoc|iPhone
		{D0B1773A-A873-4D10-B085-BB559653BE00}.Ad-Hoc|iPhoneSimulator.ActiveCfg = Ad-Hoc|iPhoneSimulator
		{D0B1773A-A873-4D10-B085-BB559653BE00}.Ad-Hoc|iPhoneSimulator.Build.0 = Ad-Hoc|iPhoneSimulator
		{D0B1773A-A873-4D10-B085-BB559653BE00}.Ad-Hoc|x64.ActiveCfg = Ad-Hoc|iPhone
		{D0B1773A-A873-4D10-B085-BB559653BE00}.Ad-Hoc|x86.ActiveCfg = Ad-Hoc|iPhone
		{D0B1773A-A873-4D10-B085-BB559653BE00}.AppStore|Any CPU.ActiveCfg = AppStore|iPhone
		{D0B1773A-A873-4D10-B085-BB559653BE00}.AppStore|ARM.ActiveCfg = AppStore|iPhone
		{D0B1773A-A873-4D10-B085-BB559653BE00}.AppStore|iPhone.ActiveCfg = AppStore|iPhone
		{D0B1773A-A873-4D10-B085-BB559653BE00}.AppStore|iPhone.Build.0 = AppStore|iPhone
		{D0B1773A-A873-4D10-B085-BB559653BE00}.AppStore|iPhoneSimulator.ActiveCfg = AppStore|iPhoneSimulator
		{D0B1773A-A873-4D10-B085-BB559653BE00}.AppStore|iPhoneSimulator.Build.0 = AppStore|iPhoneSimulator
		{D0B1773A-A873-4D10-B085-BB559653BE00}.AppStore|x64.ActiveCfg = AppStore|iPhone
		{D0B1773A-A873-4D10-B085-BB559653BE00}.AppStore|x86.ActiveCfg = AppStore|iPhone
		{D0B1773A-A873-4D10-B085-BB559653BE00}.Debug|Any CPU.ActiveCfg = Debug|iPhone
		{D0B1773A-A873-4D10-B085-BB559653BE00}.Debug|Any CPU.Build.0 = Debug|iPhone
		{D0B1773A-A873-4D10-B085-BB559653BE00}.Debug|ARM.ActiveCfg = Debug|iPhone
		{D0B1773A-A873-4D10-B085-BB559653BE00}.Debug|iPhone.ActiveCfg = Debug|iPhone
		{D0B1773A-A873-4D10-B085-BB559653BE00}.Debug|iPhone.Build.0 = Debug|iPhone
		{D0B1773A-A873-4D10-B085-BB559653BE00}.Debug|iPhoneSimulator.ActiveCfg = Debug|iPhoneSimulator
		{D0B1773A-A873-4D10-B085-BB559653BE00}.Debug|iPhoneSimulator.Build.0 = Debug|iPhoneSimulator
		{D0B1773A-A873-4D10-B085-BB559653BE00}.Debug|x64.ActiveCfg = Debug|iPhone
		{D0B1773A-A873-4D10-B085-BB559653BE00}.Debug|x86.ActiveCfg = Debug|iPhone
		{D0B1773A-A873-4D10-B085-BB559653BE00}.Release|Any CPU.ActiveCfg = Release|iPhone
		{D0B1773A-A873-4D10-B085-BB559653BE00}.Release|ARM.ActiveCfg = Release|iPhone
		{D0B1773A-A873-4D10-B085-BB559653BE00}.Release|iPhone.ActiveCfg = Release|iPhone
		{D0B1773A-A873-4D10-B085-BB559653BE00}.Release|iPhone.Build.0 = Release|iPhone
		{D0B1773A-A873-4D10-B085-BB559653BE00}.Release|iPhoneSimulator.ActiveCfg = Release|iPhoneSimulator
		{D0B1773A-A873-4D10-B085-BB559653BE00}.Release|iPhoneSimulator.Build.0 = Release|iPhoneSimulator
		{D0B1773A-A873-4D10-B085-BB559653BE00}.Release|x64.ActiveCfg = Release|iPhone
		{D0B1773A-A873-4D10-B085-BB559653BE00}.Release|x86.ActiveCfg = Release|iPhone
		{2FFDAD03-D1D3-4FE2-9C78-8ADDE2220A13}.Ad-Hoc|Any CPU.ActiveCfg = Release|Any CPU
		{2FFDAD03-D1D3-4FE2-9C78-8ADDE2220A13}.Ad-Hoc|Any CPU.Build.0 = Release|Any CPU
		{2FFDAD03-D1D3-4FE2-9C78-8ADDE2220A13}.Ad-Hoc|Any CPU.Deploy.0 = Release|Any CPU
		{2FFDAD03-D1D3-4FE2-9C78-8ADDE2220A13}.Ad-Hoc|ARM.ActiveCfg = Release|ARM
		{2FFDAD03-D1D3-4FE2-9C78-8ADDE2220A13}.Ad-Hoc|ARM.Build.0 = Release|ARM
		{2FFDAD03-D1D3-4FE2-9C78-8ADDE2220A13}.Ad-Hoc|ARM.Deploy.0 = Release|ARM
		{2FFDAD03-D1D3-4FE2-9C78-8ADDE2220A13}.Ad-Hoc|iPhone.ActiveCfg = Release|Any CPU
		{2FFDAD03-D1D3-4FE2-9C78-8ADDE2220A13}.Ad-Hoc|iPhone.Build.0 = Release|Any CPU
		{2FFDAD03-D1D3-4FE2-9C78-8ADDE2220A13}.Ad-Hoc|iPhone.Deploy.0 = Release|Any CPU
		{2FFDAD03-D1D3-4FE2-9C78-8ADDE2220A13}.Ad-Hoc|iPhoneSimulator.ActiveCfg = Release|Any CPU
		{2FFDAD03-D1D3-4FE2-9C78-8ADDE2220A13}.Ad-Hoc|iPhoneSimulator.Build.0 = Release|Any CPU
		{2FFDAD03-D1D3-4FE2-9C78-8ADDE2220A13}.Ad-Hoc|iPhoneSimulator.Deploy.0 = Release|Any CPU
		{2FFDAD03-D1D3-4FE2-9C78-8ADDE2220A13}.Ad-Hoc|x64.ActiveCfg = Release|Any CPU
		{2FFDAD03-D1D3-4FE2-9C78-8ADDE2220A13}.Ad-Hoc|x64.Build.0 = Release|Any CPU
		{2FFDAD03-D1D3-4FE2-9C78-8ADDE2220A13}.Ad-Hoc|x64.Deploy.0 = Release|Any CPU
		{2FFDAD03-D1D3-4FE2-9C78-8ADDE2220A13}.Ad-Hoc|x86.ActiveCfg = Release|x86
		{2FFDAD03-D1D3-4FE2-9C78-8ADDE2220A13}.Ad-Hoc|x86.Build.0 = Release|x86
		{2FFDAD03-D1D3-4FE2-9C78-8ADDE2220A13}.Ad-Hoc|x86.Deploy.0 = Release|x86
		{2FFDAD03-D1D3-4FE2-9C78-8ADDE2220A13}.AppStore|Any CPU.ActiveCfg = Release|Any CPU
		{2FFDAD03-D1D3-4FE2-9C78-8ADDE2220A13}.AppStore|Any CPU.Build.0 = Release|Any CPU
		{2FFDAD03-D1D3-4FE2-9C78-8ADDE2220A13}.AppStore|Any CPU.Deploy.0 = Release|Any CPU
		{2FFDAD03-D1D3-4FE2-9C78-8ADDE2220A13}.AppStore|ARM.ActiveCfg = Release|ARM
		{2FFDAD03-D1D3-4FE2-9C78-8ADDE2220A13}.AppStore|ARM.Build.0 = Release|ARM
		{2FFDAD03-D1D3-4FE2-9C78-8ADDE2220A13}.AppStore|ARM.Deploy.0 = Release|ARM
		{2FFDAD03-D1D3-4FE2-9C78-8ADDE2220A13}.AppStore|iPhone.ActiveCfg = Release|Any CPU
		{2FFDAD03-D1D3-4FE2-9C78-8ADDE2220A13}.AppStore|iPhone.Build.0 = Release|Any CPU
		{2FFDAD03-D1D3-4FE2-9C78-8ADDE2220A13}.AppStore|iPhone.Deploy.0 = Release|Any CPU
		{2FFDAD03-D1D3-4FE2-9C78-8ADDE2220A13}.AppStore|iPhoneSimulator.ActiveCfg = Release|Any CPU
		{2FFDAD03-D1D3-4FE2-9C78-8ADDE2220A13}.AppStore|iPhoneSimulator.Build.0 = Release|Any CPU
		{2FFDAD03-D1D3-4FE2-9C78-8ADDE2220A13}.AppStore|iPhoneSimulator.Deploy.0 = Release|Any CPU
		{2FFDAD03-D1D3-4FE2-9C78-8ADDE2220A13}.AppStore|x64.ActiveCfg = Release|Any CPU
		{2FFDAD03-D1D3-4FE2-9C78-8ADDE2220A13}.AppStore|x64.Build.0 = Release|Any CPU
		{2FFDAD03-D1D3-4FE2-9C78-8ADDE2220A13}.AppStore|x64.Deploy.0 = Release|Any CPU
		{2FFDAD03-D1D3-4FE2-9C78-8ADDE2220A13}.AppStore|x86.ActiveCfg = Release|x86
		{2FFDAD03-D1D3-4FE2-9C78-8ADDE2220A13}.AppStore|x86.Build.0 = Release|x86
		{2FFDAD03-D1D3-4FE2-9C78-8ADDE2220A13}.AppStore|x86.Deploy.0 = Release|x86
		{2FFDAD03-D1D3-4FE2-9C78-8ADDE2220A13}.Debug|Any CPU.ActiveCfg = Debug|Any CPU
		{2FFDAD03-D1D3-4FE2-9C78-8ADDE2220A13}.Debug|Any CPU.Build.0 = Debug|Any CPU
		{2FFDAD03-D1D3-4FE2-9C78-8ADDE2220A13}.Debug|Any CPU.Deploy.0 = Debug|Any CPU
		{2FFDAD03-D1D3-4FE2-9C78-8ADDE2220A13}.Debug|ARM.ActiveCfg = Debug|ARM
		{2FFDAD03-D1D3-4FE2-9C78-8ADDE2220A13}.Debug|ARM.Build.0 = Debug|ARM
		{2FFDAD03-D1D3-4FE2-9C78-8ADDE2220A13}.Debug|ARM.Deploy.0 = Debug|ARM
		{2FFDAD03-D1D3-4FE2-9C78-8ADDE2220A13}.Debug|iPhone.ActiveCfg = Debug|Any CPU
		{2FFDAD03-D1D3-4FE2-9C78-8ADDE2220A13}.Debug|iPhone.Build.0 = Debug|Any CPU
		{2FFDAD03-D1D3-4FE2-9C78-8ADDE2220A13}.Debug|iPhone.Deploy.0 = Debug|Any CPU
		{2FFDAD03-D1D3-4FE2-9C78-8ADDE2220A13}.Debug|iPhoneSimulator.ActiveCfg = Debug|Any CPU
		{2FFDAD03-D1D3-4FE2-9C78-8ADDE2220A13}.Debug|iPhoneSimulator.Build.0 = Debug|Any CPU
		{2FFDAD03-D1D3-4FE2-9C78-8ADDE2220A13}.Debug|iPhoneSimulator.Deploy.0 = Debug|Any CPU
		{2FFDAD03-D1D3-4FE2-9C78-8ADDE2220A13}.Debug|x64.ActiveCfg = Debug|Any CPU
		{2FFDAD03-D1D3-4FE2-9C78-8ADDE2220A13}.Debug|x64.Build.0 = Debug|Any CPU
		{2FFDAD03-D1D3-4FE2-9C78-8ADDE2220A13}.Debug|x64.Deploy.0 = Debug|Any CPU
		{2FFDAD03-D1D3-4FE2-9C78-8ADDE2220A13}.Debug|x86.ActiveCfg = Debug|x86
		{2FFDAD03-D1D3-4FE2-9C78-8ADDE2220A13}.Debug|x86.Build.0 = Debug|x86
		{2FFDAD03-D1D3-4FE2-9C78-8ADDE2220A13}.Debug|x86.Deploy.0 = Debug|x86
		{2FFDAD03-D1D3-4FE2-9C78-8ADDE2220A13}.Release|Any CPU.ActiveCfg = Release|Any CPU
		{2FFDAD03-D1D3-4FE2-9C78-8ADDE2220A13}.Release|Any CPU.Build.0 = Release|Any CPU
		{2FFDAD03-D1D3-4FE2-9C78-8ADDE2220A13}.Release|Any CPU.Deploy.0 = Release|Any CPU
		{2FFDAD03-D1D3-4FE2-9C78-8ADDE2220A13}.Release|ARM.ActiveCfg = Release|ARM
		{2FFDAD03-D1D3-4FE2-9C78-8ADDE2220A13}.Release|ARM.Build.0 = Release|ARM
		{2FFDAD03-D1D3-4FE2-9C78-8ADDE2220A13}.Release|ARM.Deploy.0 = Release|ARM
		{2FFDAD03-D1D3-4FE2-9C78-8ADDE2220A13}.Release|iPhone.ActiveCfg = Release|Any CPU
		{2FFDAD03-D1D3-4FE2-9C78-8ADDE2220A13}.Release|iPhone.Build.0 = Release|Any CPU
		{2FFDAD03-D1D3-4FE2-9C78-8ADDE2220A13}.Release|iPhone.Deploy.0 = Release|Any CPU
		{2FFDAD03-D1D3-4FE2-9C78-8ADDE2220A13}.Release|iPhoneSimulator.ActiveCfg = Release|Any CPU
		{2FFDAD03-D1D3-4FE2-9C78-8ADDE2220A13}.Release|iPhoneSimulator.Build.0 = Release|Any CPU
		{2FFDAD03-D1D3-4FE2-9C78-8ADDE2220A13}.Release|iPhoneSimulator.Deploy.0 = Release|Any CPU
		{2FFDAD03-D1D3-4FE2-9C78-8ADDE2220A13}.Release|x64.ActiveCfg = Release|Any CPU
		{2FFDAD03-D1D3-4FE2-9C78-8ADDE2220A13}.Release|x64.Build.0 = Release|Any CPU
		{2FFDAD03-D1D3-4FE2-9C78-8ADDE2220A13}.Release|x64.Deploy.0 = Release|Any CPU
		{2FFDAD03-D1D3-4FE2-9C78-8ADDE2220A13}.Release|x86.ActiveCfg = Release|x86
		{2FFDAD03-D1D3-4FE2-9C78-8ADDE2220A13}.Release|x86.Build.0 = Release|x86
		{2FFDAD03-D1D3-4FE2-9C78-8ADDE2220A13}.Release|x86.Deploy.0 = Release|x86
		{C0F7C38B-94C0-4EE9-B54A-AA4D23B7E448}.Ad-Hoc|Any CPU.ActiveCfg = Release|x86
		{C0F7C38B-94C0-4EE9-B54A-AA4D23B7E448}.Ad-Hoc|Any CPU.Build.0 = Release|x86
		{C0F7C38B-94C0-4EE9-B54A-AA4D23B7E448}.Ad-Hoc|Any CPU.Deploy.0 = Release|x86
		{C0F7C38B-94C0-4EE9-B54A-AA4D23B7E448}.Ad-Hoc|ARM.ActiveCfg = Release|ARM
		{C0F7C38B-94C0-4EE9-B54A-AA4D23B7E448}.Ad-Hoc|ARM.Build.0 = Release|ARM
		{C0F7C38B-94C0-4EE9-B54A-AA4D23B7E448}.Ad-Hoc|ARM.Deploy.0 = Release|ARM
		{C0F7C38B-94C0-4EE9-B54A-AA4D23B7E448}.Ad-Hoc|iPhone.ActiveCfg = Release|x86
		{C0F7C38B-94C0-4EE9-B54A-AA4D23B7E448}.Ad-Hoc|iPhone.Build.0 = Release|x86
		{C0F7C38B-94C0-4EE9-B54A-AA4D23B7E448}.Ad-Hoc|iPhone.Deploy.0 = Release|x86
		{C0F7C38B-94C0-4EE9-B54A-AA4D23B7E448}.Ad-Hoc|iPhoneSimulator.ActiveCfg = Release|x86
		{C0F7C38B-94C0-4EE9-B54A-AA4D23B7E448}.Ad-Hoc|iPhoneSimulator.Build.0 = Release|x86
		{C0F7C38B-94C0-4EE9-B54A-AA4D23B7E448}.Ad-Hoc|iPhoneSimulator.Deploy.0 = Release|x86
		{C0F7C38B-94C0-4EE9-B54A-AA4D23B7E448}.Ad-Hoc|x64.ActiveCfg = Release|x64
		{C0F7C38B-94C0-4EE9-B54A-AA4D23B7E448}.Ad-Hoc|x64.Build.0 = Release|x64
		{C0F7C38B-94C0-4EE9-B54A-AA4D23B7E448}.Ad-Hoc|x64.Deploy.0 = Release|x64
		{C0F7C38B-94C0-4EE9-B54A-AA4D23B7E448}.Ad-Hoc|x86.ActiveCfg = Release|x86
		{C0F7C38B-94C0-4EE9-B54A-AA4D23B7E448}.Ad-Hoc|x86.Build.0 = Release|x86
		{C0F7C38B-94C0-4EE9-B54A-AA4D23B7E448}.Ad-Hoc|x86.Deploy.0 = Release|x86
		{C0F7C38B-94C0-4EE9-B54A-AA4D23B7E448}.AppStore|Any CPU.ActiveCfg = Release|x86
		{C0F7C38B-94C0-4EE9-B54A-AA4D23B7E448}.AppStore|Any CPU.Build.0 = Release|x86
		{C0F7C38B-94C0-4EE9-B54A-AA4D23B7E448}.AppStore|Any CPU.Deploy.0 = Release|x86
		{C0F7C38B-94C0-4EE9-B54A-AA4D23B7E448}.AppStore|ARM.ActiveCfg = Release|ARM
		{C0F7C38B-94C0-4EE9-B54A-AA4D23B7E448}.AppStore|ARM.Build.0 = Release|ARM
		{C0F7C38B-94C0-4EE9-B54A-AA4D23B7E448}.AppStore|ARM.Deploy.0 = Release|ARM
		{C0F7C38B-94C0-4EE9-B54A-AA4D23B7E448}.AppStore|iPhone.ActiveCfg = Release|x86
		{C0F7C38B-94C0-4EE9-B54A-AA4D23B7E448}.AppStore|iPhone.Build.0 = Release|x86
		{C0F7C38B-94C0-4EE9-B54A-AA4D23B7E448}.AppStore|iPhone.Deploy.0 = Release|x86
		{C0F7C38B-94C0-4EE9-B54A-AA4D23B7E448}.AppStore|iPhoneSimulator.ActiveCfg = Release|x86
		{C0F7C38B-94C0-4EE9-B54A-AA4D23B7E448}.AppStore|iPhoneSimulator.Build.0 = Release|x86
		{C0F7C38B-94C0-4EE9-B54A-AA4D23B7E448}.AppStore|iPhoneSimulator.Deploy.0 = Release|x86
		{C0F7C38B-94C0-4EE9-B54A-AA4D23B7E448}.AppStore|x64.ActiveCfg = Release|x64
		{C0F7C38B-94C0-4EE9-B54A-AA4D23B7E448}.AppStore|x64.Build.0 = Release|x64
		{C0F7C38B-94C0-4EE9-B54A-AA4D23B7E448}.AppStore|x64.Deploy.0 = Release|x64
		{C0F7C38B-94C0-4EE9-B54A-AA4D23B7E448}.AppStore|x86.ActiveCfg = Release|x86
		{C0F7C38B-94C0-4EE9-B54A-AA4D23B7E448}.AppStore|x86.Build.0 = Release|x86
		{C0F7C38B-94C0-4EE9-B54A-AA4D23B7E448}.AppStore|x86.Deploy.0 = Release|x86
		{C0F7C38B-94C0-4EE9-B54A-AA4D23B7E448}.Debug|Any CPU.ActiveCfg = Debug|x86
		{C0F7C38B-94C0-4EE9-B54A-AA4D23B7E448}.Debug|Any CPU.Build.0 = Debug|x86
		{C0F7C38B-94C0-4EE9-B54A-AA4D23B7E448}.Debug|Any CPU.Deploy.0 = Debug|x86
		{C0F7C38B-94C0-4EE9-B54A-AA4D23B7E448}.Debug|ARM.ActiveCfg = Debug|ARM
		{C0F7C38B-94C0-4EE9-B54A-AA4D23B7E448}.Debug|ARM.Build.0 = Debug|ARM
		{C0F7C38B-94C0-4EE9-B54A-AA4D23B7E448}.Debug|ARM.Deploy.0 = Debug|ARM
		{C0F7C38B-94C0-4EE9-B54A-AA4D23B7E448}.Debug|iPhone.ActiveCfg = Debug|x86
		{C0F7C38B-94C0-4EE9-B54A-AA4D23B7E448}.Debug|iPhone.Build.0 = Debug|x86
		{C0F7C38B-94C0-4EE9-B54A-AA4D23B7E448}.Debug|iPhone.Deploy.0 = Debug|x86
		{C0F7C38B-94C0-4EE9-B54A-AA4D23B7E448}.Debug|iPhoneSimulator.ActiveCfg = Debug|x86
		{C0F7C38B-94C0-4EE9-B54A-AA4D23B7E448}.Debug|iPhoneSimulator.Build.0 = Debug|x86
		{C0F7C38B-94C0-4EE9-B54A-AA4D23B7E448}.Debug|iPhoneSimulator.Deploy.0 = Debug|x86
		{C0F7C38B-94C0-4EE9-B54A-AA4D23B7E448}.Debug|x64.ActiveCfg = Debug|x64
		{C0F7C38B-94C0-4EE9-B54A-AA4D23B7E448}.Debug|x64.Build.0 = Debug|x64
		{C0F7C38B-94C0-4EE9-B54A-AA4D23B7E448}.Debug|x64.Deploy.0 = Debug|x64
		{C0F7C38B-94C0-4EE9-B54A-AA4D23B7E448}.Debug|x86.ActiveCfg = Debug|x86
		{C0F7C38B-94C0-4EE9-B54A-AA4D23B7E448}.Debug|x86.Build.0 = Debug|x86
		{C0F7C38B-94C0-4EE9-B54A-AA4D23B7E448}.Debug|x86.Deploy.0 = Debug|x86
		{C0F7C38B-94C0-4EE9-B54A-AA4D23B7E448}.Release|Any CPU.ActiveCfg = Release|x86
		{C0F7C38B-94C0-4EE9-B54A-AA4D23B7E448}.Release|ARM.ActiveCfg = Release|ARM
		{C0F7C38B-94C0-4EE9-B54A-AA4D23B7E448}.Release|ARM.Build.0 = Release|ARM
		{C0F7C38B-94C0-4EE9-B54A-AA4D23B7E448}.Release|ARM.Deploy.0 = Release|ARM
		{C0F7C38B-94C0-4EE9-B54A-AA4D23B7E448}.Release|iPhone.ActiveCfg = Release|x86
		{C0F7C38B-94C0-4EE9-B54A-AA4D23B7E448}.Release|iPhoneSimulator.ActiveCfg = Release|x86
		{C0F7C38B-94C0-4EE9-B54A-AA4D23B7E448}.Release|x64.ActiveCfg = Release|x64
		{C0F7C38B-94C0-4EE9-B54A-AA4D23B7E448}.Release|x64.Build.0 = Release|x64
		{C0F7C38B-94C0-4EE9-B54A-AA4D23B7E448}.Release|x64.Deploy.0 = Release|x64
		{C0F7C38B-94C0-4EE9-B54A-AA4D23B7E448}.Release|x86.ActiveCfg = Release|x86
		{C0F7C38B-94C0-4EE9-B54A-AA4D23B7E448}.Release|x86.Build.0 = Release|x86
		{C0F7C38B-94C0-4EE9-B54A-AA4D23B7E448}.Release|x86.Deploy.0 = Release|x86
		{5DD57349-8D0D-4805-86C1-C2FA1650573C}.Ad-Hoc|Any CPU.ActiveCfg = Release|Any CPU
		{5DD57349-8D0D-4805-86C1-C2FA1650573C}.Ad-Hoc|Any CPU.Build.0 = Release|Any CPU
		{5DD57349-8D0D-4805-86C1-C2FA1650573C}.Ad-Hoc|Any CPU.Deploy.0 = Release|Any CPU
		{5DD57349-8D0D-4805-86C1-C2FA1650573C}.Ad-Hoc|ARM.ActiveCfg = Release|ARM
		{5DD57349-8D0D-4805-86C1-C2FA1650573C}.Ad-Hoc|ARM.Build.0 = Release|ARM
		{5DD57349-8D0D-4805-86C1-C2FA1650573C}.Ad-Hoc|ARM.Deploy.0 = Release|ARM
		{5DD57349-8D0D-4805-86C1-C2FA1650573C}.Ad-Hoc|iPhone.ActiveCfg = Release|Any CPU
		{5DD57349-8D0D-4805-86C1-C2FA1650573C}.Ad-Hoc|iPhone.Build.0 = Release|Any CPU
		{5DD57349-8D0D-4805-86C1-C2FA1650573C}.Ad-Hoc|iPhone.Deploy.0 = Release|Any CPU
		{5DD57349-8D0D-4805-86C1-C2FA1650573C}.Ad-Hoc|iPhoneSimulator.ActiveCfg = Release|Any CPU
		{5DD57349-8D0D-4805-86C1-C2FA1650573C}.Ad-Hoc|iPhoneSimulator.Build.0 = Release|Any CPU
		{5DD57349-8D0D-4805-86C1-C2FA1650573C}.Ad-Hoc|iPhoneSimulator.Deploy.0 = Release|Any CPU
		{5DD57349-8D0D-4805-86C1-C2FA1650573C}.Ad-Hoc|x64.ActiveCfg = Release|x64
		{5DD57349-8D0D-4805-86C1-C2FA1650573C}.Ad-Hoc|x64.Build.0 = Release|x64
		{5DD57349-8D0D-4805-86C1-C2FA1650573C}.Ad-Hoc|x64.Deploy.0 = Release|x64
		{5DD57349-8D0D-4805-86C1-C2FA1650573C}.Ad-Hoc|x86.ActiveCfg = Release|x86
		{5DD57349-8D0D-4805-86C1-C2FA1650573C}.Ad-Hoc|x86.Build.0 = Release|x86
		{5DD57349-8D0D-4805-86C1-C2FA1650573C}.Ad-Hoc|x86.Deploy.0 = Release|x86
		{5DD57349-8D0D-4805-86C1-C2FA1650573C}.AppStore|Any CPU.ActiveCfg = Release|Any CPU
		{5DD57349-8D0D-4805-86C1-C2FA1650573C}.AppStore|Any CPU.Build.0 = Release|Any CPU
		{5DD57349-8D0D-4805-86C1-C2FA1650573C}.AppStore|Any CPU.Deploy.0 = Release|Any CPU
		{5DD57349-8D0D-4805-86C1-C2FA1650573C}.AppStore|ARM.ActiveCfg = Release|ARM
		{5DD57349-8D0D-4805-86C1-C2FA1650573C}.AppStore|ARM.Build.0 = Release|ARM
		{5DD57349-8D0D-4805-86C1-C2FA1650573C}.AppStore|ARM.Deploy.0 = Release|ARM
		{5DD57349-8D0D-4805-86C1-C2FA1650573C}.AppStore|iPhone.ActiveCfg = Release|Any CPU
		{5DD57349-8D0D-4805-86C1-C2FA1650573C}.AppStore|iPhone.Build.0 = Release|Any CPU
		{5DD57349-8D0D-4805-86C1-C2FA1650573C}.AppStore|iPhone.Deploy.0 = Release|Any CPU
		{5DD57349-8D0D-4805-86C1-C2FA1650573C}.AppStore|iPhoneSimulator.ActiveCfg = Release|Any CPU
		{5DD57349-8D0D-4805-86C1-C2FA1650573C}.AppStore|iPhoneSimulator.Build.0 = Release|Any CPU
		{5DD57349-8D0D-4805-86C1-C2FA1650573C}.AppStore|iPhoneSimulator.Deploy.0 = Release|Any CPU
		{5DD57349-8D0D-4805-86C1-C2FA1650573C}.AppStore|x64.ActiveCfg = Release|x64
		{5DD57349-8D0D-4805-86C1-C2FA1650573C}.AppStore|x64.Build.0 = Release|x64
		{5DD57349-8D0D-4805-86C1-C2FA1650573C}.AppStore|x64.Deploy.0 = Release|x64
		{5DD57349-8D0D-4805-86C1-C2FA1650573C}.AppStore|x86.ActiveCfg = Release|x86
		{5DD57349-8D0D-4805-86C1-C2FA1650573C}.AppStore|x86.Build.0 = Release|x86
		{5DD57349-8D0D-4805-86C1-C2FA1650573C}.AppStore|x86.Deploy.0 = Release|x86
		{5DD57349-8D0D-4805-86C1-C2FA1650573C}.Debug|Any CPU.ActiveCfg = Debug|Any CPU
		{5DD57349-8D0D-4805-86C1-C2FA1650573C}.Debug|Any CPU.Build.0 = Debug|Any CPU
		{5DD57349-8D0D-4805-86C1-C2FA1650573C}.Debug|Any CPU.Deploy.0 = Debug|Any CPU
		{5DD57349-8D0D-4805-86C1-C2FA1650573C}.Debug|ARM.ActiveCfg = Debug|ARM
		{5DD57349-8D0D-4805-86C1-C2FA1650573C}.Debug|ARM.Build.0 = Debug|ARM
		{5DD57349-8D0D-4805-86C1-C2FA1650573C}.Debug|ARM.Deploy.0 = Debug|ARM
		{5DD57349-8D0D-4805-86C1-C2FA1650573C}.Debug|iPhone.ActiveCfg = Debug|Any CPU
		{5DD57349-8D0D-4805-86C1-C2FA1650573C}.Debug|iPhone.Build.0 = Debug|Any CPU
		{5DD57349-8D0D-4805-86C1-C2FA1650573C}.Debug|iPhone.Deploy.0 = Debug|Any CPU
		{5DD57349-8D0D-4805-86C1-C2FA1650573C}.Debug|iPhoneSimulator.ActiveCfg = Debug|Any CPU
		{5DD57349-8D0D-4805-86C1-C2FA1650573C}.Debug|iPhoneSimulator.Build.0 = Debug|Any CPU
		{5DD57349-8D0D-4805-86C1-C2FA1650573C}.Debug|iPhoneSimulator.Deploy.0 = Debug|Any CPU
		{5DD57349-8D0D-4805-86C1-C2FA1650573C}.Debug|x64.ActiveCfg = Debug|x64
		{5DD57349-8D0D-4805-86C1-C2FA1650573C}.Debug|x64.Build.0 = Debug|x64
		{5DD57349-8D0D-4805-86C1-C2FA1650573C}.Debug|x64.Deploy.0 = Debug|x64
		{5DD57349-8D0D-4805-86C1-C2FA1650573C}.Debug|x86.ActiveCfg = Debug|x86
		{5DD57349-8D0D-4805-86C1-C2FA1650573C}.Debug|x86.Build.0 = Debug|x86
		{5DD57349-8D0D-4805-86C1-C2FA1650573C}.Debug|x86.Deploy.0 = Debug|x86
		{5DD57349-8D0D-4805-86C1-C2FA1650573C}.Release|Any CPU.ActiveCfg = Release|Any CPU
		{5DD57349-8D0D-4805-86C1-C2FA1650573C}.Release|Any CPU.Build.0 = Release|Any CPU
		{5DD57349-8D0D-4805-86C1-C2FA1650573C}.Release|Any CPU.Deploy.0 = Release|Any CPU
		{5DD57349-8D0D-4805-86C1-C2FA1650573C}.Release|ARM.ActiveCfg = Release|ARM
		{5DD57349-8D0D-4805-86C1-C2FA1650573C}.Release|ARM.Build.0 = Release|ARM
		{5DD57349-8D0D-4805-86C1-C2FA1650573C}.Release|ARM.Deploy.0 = Release|ARM
		{5DD57349-8D0D-4805-86C1-C2FA1650573C}.Release|iPhone.ActiveCfg = Release|Any CPU
		{5DD57349-8D0D-4805-86C1-C2FA1650573C}.Release|iPhone.Build.0 = Release|Any CPU
		{5DD57349-8D0D-4805-86C1-C2FA1650573C}.Release|iPhone.Deploy.0 = Release|Any CPU
		{5DD57349-8D0D-4805-86C1-C2FA1650573C}.Release|iPhoneSimulator.ActiveCfg = Release|Any CPU
		{5DD57349-8D0D-4805-86C1-C2FA1650573C}.Release|iPhoneSimulator.Build.0 = Release|Any CPU
		{5DD57349-8D0D-4805-86C1-C2FA1650573C}.Release|iPhoneSimulator.Deploy.0 = Release|Any CPU
		{5DD57349-8D0D-4805-86C1-C2FA1650573C}.Release|x64.ActiveCfg = Release|x64
		{5DD57349-8D0D-4805-86C1-C2FA1650573C}.Release|x64.Build.0 = Release|x64
		{5DD57349-8D0D-4805-86C1-C2FA1650573C}.Release|x64.Deploy.0 = Release|x64
		{5DD57349-8D0D-4805-86C1-C2FA1650573C}.Release|x86.ActiveCfg = Release|x86
		{5DD57349-8D0D-4805-86C1-C2FA1650573C}.Release|x86.Build.0 = Release|x86
		{5DD57349-8D0D-4805-86C1-C2FA1650573C}.Release|x86.Deploy.0 = Release|x86
		{9282EC7B-0910-4E86-BD22-2EFEB492B60F}.Ad-Hoc|Any CPU.ActiveCfg = Release|Any CPU
		{9282EC7B-0910-4E86-BD22-2EFEB492B60F}.Ad-Hoc|Any CPU.Build.0 = Release|Any CPU
		{9282EC7B-0910-4E86-BD22-2EFEB492B60F}.Ad-Hoc|ARM.ActiveCfg = Release|Any CPU
		{9282EC7B-0910-4E86-BD22-2EFEB492B60F}.Ad-Hoc|ARM.Build.0 = Release|Any CPU
		{9282EC7B-0910-4E86-BD22-2EFEB492B60F}.Ad-Hoc|iPhone.ActiveCfg = Release|Any CPU
		{9282EC7B-0910-4E86-BD22-2EFEB492B60F}.Ad-Hoc|iPhone.Build.0 = Release|Any CPU
		{9282EC7B-0910-4E86-BD22-2EFEB492B60F}.Ad-Hoc|iPhoneSimulator.ActiveCfg = Release|Any CPU
		{9282EC7B-0910-4E86-BD22-2EFEB492B60F}.Ad-Hoc|iPhoneSimulator.Build.0 = Release|Any CPU
		{9282EC7B-0910-4E86-BD22-2EFEB492B60F}.Ad-Hoc|x64.ActiveCfg = Release|Any CPU
		{9282EC7B-0910-4E86-BD22-2EFEB492B60F}.Ad-Hoc|x64.Build.0 = Release|Any CPU
		{9282EC7B-0910-4E86-BD22-2EFEB492B60F}.Ad-Hoc|x86.ActiveCfg = Release|Any CPU
		{9282EC7B-0910-4E86-BD22-2EFEB492B60F}.Ad-Hoc|x86.Build.0 = Release|Any CPU
		{9282EC7B-0910-4E86-BD22-2EFEB492B60F}.AppStore|Any CPU.ActiveCfg = Release|Any CPU
		{9282EC7B-0910-4E86-BD22-2EFEB492B60F}.AppStore|Any CPU.Build.0 = Release|Any CPU
		{9282EC7B-0910-4E86-BD22-2EFEB492B60F}.AppStore|ARM.ActiveCfg = Release|Any CPU
		{9282EC7B-0910-4E86-BD22-2EFEB492B60F}.AppStore|ARM.Build.0 = Release|Any CPU
		{9282EC7B-0910-4E86-BD22-2EFEB492B60F}.AppStore|iPhone.ActiveCfg = Release|Any CPU
		{9282EC7B-0910-4E86-BD22-2EFEB492B60F}.AppStore|iPhone.Build.0 = Release|Any CPU
		{9282EC7B-0910-4E86-BD22-2EFEB492B60F}.AppStore|iPhoneSimulator.ActiveCfg = Release|Any CPU
		{9282EC7B-0910-4E86-BD22-2EFEB492B60F}.AppStore|iPhoneSimulator.Build.0 = Release|Any CPU
		{9282EC7B-0910-4E86-BD22-2EFEB492B60F}.AppStore|x64.ActiveCfg = Release|Any CPU
		{9282EC7B-0910-4E86-BD22-2EFEB492B60F}.AppStore|x64.Build.0 = Release|Any CPU
		{9282EC7B-0910-4E86-BD22-2EFEB492B60F}.AppStore|x86.ActiveCfg = Release|Any CPU
		{9282EC7B-0910-4E86-BD22-2EFEB492B60F}.AppStore|x86.Build.0 = Release|Any CPU
		{9282EC7B-0910-4E86-BD22-2EFEB492B60F}.Debug|Any CPU.ActiveCfg = Debug|Any CPU
		{9282EC7B-0910-4E86-BD22-2EFEB492B60F}.Debug|Any CPU.Build.0 = Debug|Any CPU
		{9282EC7B-0910-4E86-BD22-2EFEB492B60F}.Debug|ARM.ActiveCfg = Debug|Any CPU
		{9282EC7B-0910-4E86-BD22-2EFEB492B60F}.Debug|ARM.Build.0 = Debug|Any CPU
		{9282EC7B-0910-4E86-BD22-2EFEB492B60F}.Debug|iPhone.ActiveCfg = Debug|Any CPU
		{9282EC7B-0910-4E86-BD22-2EFEB492B60F}.Debug|iPhone.Build.0 = Debug|Any CPU
		{9282EC7B-0910-4E86-BD22-2EFEB492B60F}.Debug|iPhoneSimulator.ActiveCfg = Debug|Any CPU
		{9282EC7B-0910-4E86-BD22-2EFEB492B60F}.Debug|iPhoneSimulator.Build.0 = Debug|Any CPU
		{9282EC7B-0910-4E86-BD22-2EFEB492B60F}.Debug|x64.ActiveCfg = Debug|Any CPU
		{9282EC7B-0910-4E86-BD22-2EFEB492B60F}.Debug|x64.Build.0 = Debug|Any CPU
		{9282EC7B-0910-4E86-BD22-2EFEB492B60F}.Debug|x86.ActiveCfg = Debug|Any CPU
		{9282EC7B-0910-4E86-BD22-2EFEB492B60F}.Debug|x86.Build.0 = Debug|Any CPU
		{9282EC7B-0910-4E86-BD22-2EFEB492B60F}.Release|Any CPU.ActiveCfg = Release|Any CPU
		{9282EC7B-0910-4E86-BD22-2EFEB492B60F}.Release|Any CPU.Build.0 = Release|Any CPU
		{9282EC7B-0910-4E86-BD22-2EFEB492B60F}.Release|ARM.ActiveCfg = Release|Any CPU
		{9282EC7B-0910-4E86-BD22-2EFEB492B60F}.Release|ARM.Build.0 = Release|Any CPU
		{9282EC7B-0910-4E86-BD22-2EFEB492B60F}.Release|iPhone.ActiveCfg = Release|Any CPU
		{9282EC7B-0910-4E86-BD22-2EFEB492B60F}.Release|iPhone.Build.0 = Release|Any CPU
		{9282EC7B-0910-4E86-BD22-2EFEB492B60F}.Release|iPhoneSimulator.ActiveCfg = Release|Any CPU
		{9282EC7B-0910-4E86-BD22-2EFEB492B60F}.Release|iPhoneSimulator.Build.0 = Release|Any CPU
		{9282EC7B-0910-4E86-BD22-2EFEB492B60F}.Release|x64.ActiveCfg = Release|Any CPU
		{9282EC7B-0910-4E86-BD22-2EFEB492B60F}.Release|x64.Build.0 = Release|Any CPU
		{9282EC7B-0910-4E86-BD22-2EFEB492B60F}.Release|x86.ActiveCfg = Release|Any CPU
		{9282EC7B-0910-4E86-BD22-2EFEB492B60F}.Release|x86.Build.0 = Release|Any CPU
	EndGlobalSection
	GlobalSection(SolutionProperties) = preSolution
		HideSolutionNode = FALSE
	EndGlobalSection
EndGlobal
